
Microsoft Visual Studio Solution File, Format Version 12.00
# Visual Studio Version 16
VisualStudioVersion = 16.0.32126.315
MinimumVisualStudioVersion = 10.0.40219.1
Project("{FAE04EC0-301F-11D3-BF4B-00C04F79EFBC}") = "MusicaCliente", "Musica\MusicaCliente.csproj", "{766554E1-191C-4230-BA01-B5A1C436A5C0}"
EndProject
Global
	GlobalSection(SolutionConfigurationPlatforms) = preSolution
		Debug|Any CPU = Debug|Any CPU
		Release|Any CPU = Release|Any CPU
	EndGlobalSection
	GlobalSection(ProjectConfigurationPlatforms) = postSolution
		{766554E1-191C-4230-BA01-B5A1C436A5C0}.Debug|Any CPU.ActiveCfg = Debug|Any CPU
		{766554E1-191C-4230-BA01-B5A1C436A5C0}.Debug|Any CPU.Build.0 = Debug|Any CPU
		{766554E1-191C-4230-BA01-B5A1C436A5C0}.Release|Any CPU.ActiveCfg = Release|Any CPU
		{766554E1-191C-4230-BA01-B5A1C436A5C0}.Release|Any CPU.Build.0 = Release|Any CPU
	EndGlobalSection
	GlobalSection(SolutionProperties) = preSolution
		HideSolutionNode = FALSE
	EndGlobalSection
	GlobalSection(ExtensibilityGlobals) = postSolution
		SolutionGuid = {18001FF9-470B-406B-9851-E18AAB270882}
	EndGlobalSection
EndGlobal
